
Microsoft Visual Studio Solution File, Format Version 12.00
# Visual Studio Version 17
VisualStudioVersion = 17.5.33424.131
MinimumVisualStudioVersion = 10.0.40219.1
Project("{FAE04EC0-301F-11D3-BF4B-00C04F79EFBC}") = "D04", "D04\D04.csproj", "{D42104A2-272B-42D8-B0DA-394912DD4796}"
EndProject
Global
	GlobalSection(SolutionConfigurationPlatforms) = preSolution
		Debug|Any CPU = Debug|Any CPU
		Release|Any CPU = Release|Any CPU
	EndGlobalSection
	GlobalSection(ProjectConfigurationPlatforms) = postSolution
		{D42104A2-272B-42D8-B0DA-394912DD4796}.Debug|Any CPU.ActiveCfg = Debug|Any CPU
		{D42104A2-272B-42D8-B0DA-394912DD4796}.Debug|Any CPU.Build.0 = Debug|Any CPU
		{D42104A2-272B-42D8-B0DA-394912DD4796}.Release|Any CPU.ActiveCfg = Release|Any CPU
		{D42104A2-272B-42D8-B0DA-394912DD4796}.Release|Any CPU.Build.0 = Release|Any CPU
	EndGlobalSection
	GlobalSection(SolutionProperties) = preSolution
		HideSolutionNode = FALSE
	EndGlobalSection
	GlobalSection(ExtensibilityGlobals) = postSolution
		SolutionGuid = {DB369B2E-F16E-4094-9F9D-EA8C885143FF}
	EndGlobalSection
EndGlobal
