
Microsoft Visual Studio Solution File, Format Version 12.00
# Visual Studio Version 17
VisualStudioVersion = 17.4.33213.308
MinimumVisualStudioVersion = 10.0.40219.1
Project("{9A19103F-16F7-4668-BE54-9A1E7A4F7556}") = "Text Editor", "..\D01\Text Editor\Text Editor.csproj", "{313C1813-5617-4797-9B69-25367F483721}"
EndProject
Project("{9A19103F-16F7-4668-BE54-9A1E7A4F7556}") = "InkCanvas", "..\D01\InkCanvas\InkCanvas.csproj", "{A63EA87D-AC19-4A99-9487-A44F4271E033}"
EndProject
Project("{9A19103F-16F7-4668-BE54-9A1E7A4F7556}") = "Form", "..\D01\Form\Form.csproj", "{B7C93F9D-BA52-444A-A173-CF19E16173D4}"
EndProject
Global
	GlobalSection(SolutionConfigurationPlatforms) = preSolution
		Debug|Any CPU = Debug|Any CPU
		Release|Any CPU = Release|Any CPU
	EndGlobalSection
	GlobalSection(ProjectConfigurationPlatforms) = postSolution
		{313C1813-5617-4797-9B69-25367F483721}.Debug|Any CPU.ActiveCfg = Debug|Any CPU
		{313C1813-5617-4797-9B69-25367F483721}.Debug|Any CPU.Build.0 = Debug|Any CPU
		{313C1813-5617-4797-9B69-25367F483721}.Release|Any CPU.ActiveCfg = Release|Any CPU
		{313C1813-5617-4797-9B69-25367F483721}.Release|Any CPU.Build.0 = Release|Any CPU
		{A63EA87D-AC19-4A99-9487-A44F4271E033}.Debug|Any CPU.ActiveCfg = Debug|Any CPU
		{A63EA87D-AC19-4A99-9487-A44F4271E033}.Debug|Any CPU.Build.0 = Debug|Any CPU
		{A63EA87D-AC19-4A99-9487-A44F4271E033}.Release|Any CPU.ActiveCfg = Release|Any CPU
		{A63EA87D-AC19-4A99-9487-A44F4271E033}.Release|Any CPU.Build.0 = Release|Any CPU
		{B7C93F9D-BA52-444A-A173-CF19E16173D4}.Debug|Any CPU.ActiveCfg = Debug|Any CPU
		{B7C93F9D-BA52-444A-A173-CF19E16173D4}.Debug|Any CPU.Build.0 = Debug|Any CPU
		{B7C93F9D-BA52-444A-A173-CF19E16173D4}.Release|Any CPU.ActiveCfg = Release|Any CPU
		{B7C93F9D-BA52-444A-A173-CF19E16173D4}.Release|Any CPU.Build.0 = Release|Any CPU
	EndGlobalSection
	GlobalSection(SolutionProperties) = preSolution
		HideSolutionNode = FALSE
	EndGlobalSection
	GlobalSection(ExtensibilityGlobals) = postSolution
		SolutionGuid = {5A6A275D-542F-469A-A5EC-F35DF20802A8}
	EndGlobalSection
EndGlobal
