
Microsoft Visual Studio Solution File, Format Version 12.00
# Visual Studio Version 17
VisualStudioVersion = 17.4.33213.308
MinimumVisualStudioVersion = 10.0.40219.1
Project("{FAE04EC0-301F-11D3-BF4B-00C04F79EFBC}") = "D09", "D09\D09.csproj", "{87291E7F-9F54-45E7-9888-6918275B125A}"
EndProject
Global
	GlobalSection(SolutionConfigurationPlatforms) = preSolution
		Debug|Any CPU = Debug|Any CPU
		Release|Any CPU = Release|Any CPU
	EndGlobalSection
	GlobalSection(ProjectConfigurationPlatforms) = postSolution
		{87291E7F-9F54-45E7-9888-6918275B125A}.Debug|Any CPU.ActiveCfg = Debug|Any CPU
		{87291E7F-9F54-45E7-9888-6918275B125A}.Debug|Any CPU.Build.0 = Debug|Any CPU
		{87291E7F-9F54-45E7-9888-6918275B125A}.Release|Any CPU.ActiveCfg = Release|Any CPU
		{87291E7F-9F54-45E7-9888-6918275B125A}.Release|Any CPU.Build.0 = Release|Any CPU
	EndGlobalSection
	GlobalSection(SolutionProperties) = preSolution
		HideSolutionNode = FALSE
	EndGlobalSection
	GlobalSection(ExtensibilityGlobals) = postSolution
		SolutionGuid = {F3ACE7B6-0710-48E1-8526-CE715E1054CC}
	EndGlobalSection
EndGlobal
