
Microsoft Visual Studio Solution File, Format Version 12.00
# Visual Studio Version 17
VisualStudioVersion = 17.4.33213.308
MinimumVisualStudioVersion = 10.0.40219.1
Project("{FAE04EC0-301F-11D3-BF4B-00C04F79EFBC}") = "Point3D", "Task 1\Point3D.csproj", "{0B4D959C-C792-4710-81C8-4211AF2883F2}"
EndProject
Project("{FAE04EC0-301F-11D3-BF4B-00C04F79EFBC}") = "MathClass", "MathClass\MathClass.csproj", "{878550DC-9B76-41D7-818E-A576F39001A6}"
EndProject
Project("{FAE04EC0-301F-11D3-BF4B-00C04F79EFBC}") = "FTP", "FTP\FTP.csproj", "{77EB73B1-121E-4852-8467-0FB0E68FB501}"
EndProject
Project("{FAE04EC0-301F-11D3-BF4B-00C04F79EFBC}") = "Duration", "Duration\Duration.csproj", "{81DE3BBA-1C12-47FA-9998-822A61B8C14B}"
EndProject
Global
	GlobalSection(SolutionConfigurationPlatforms) = preSolution
		Debug|Any CPU = Debug|Any CPU
		Release|Any CPU = Release|Any CPU
	EndGlobalSection
	GlobalSection(ProjectConfigurationPlatforms) = postSolution
		{0B4D959C-C792-4710-81C8-4211AF2883F2}.Debug|Any CPU.ActiveCfg = Debug|Any CPU
		{0B4D959C-C792-4710-81C8-4211AF2883F2}.Debug|Any CPU.Build.0 = Debug|Any CPU
		{0B4D959C-C792-4710-81C8-4211AF2883F2}.Release|Any CPU.ActiveCfg = Release|Any CPU
		{0B4D959C-C792-4710-81C8-4211AF2883F2}.Release|Any CPU.Build.0 = Release|Any CPU
		{878550DC-9B76-41D7-818E-A576F39001A6}.Debug|Any CPU.ActiveCfg = Debug|Any CPU
		{878550DC-9B76-41D7-818E-A576F39001A6}.Debug|Any CPU.Build.0 = Debug|Any CPU
		{878550DC-9B76-41D7-818E-A576F39001A6}.Release|Any CPU.ActiveCfg = Release|Any CPU
		{878550DC-9B76-41D7-818E-A576F39001A6}.Release|Any CPU.Build.0 = Release|Any CPU
		{77EB73B1-121E-4852-8467-0FB0E68FB501}.Debug|Any CPU.ActiveCfg = Debug|Any CPU
		{77EB73B1-121E-4852-8467-0FB0E68FB501}.Debug|Any CPU.Build.0 = Debug|Any CPU
		{77EB73B1-121E-4852-8467-0FB0E68FB501}.Release|Any CPU.ActiveCfg = Release|Any CPU
		{77EB73B1-121E-4852-8467-0FB0E68FB501}.Release|Any CPU.Build.0 = Release|Any CPU
		{81DE3BBA-1C12-47FA-9998-822A61B8C14B}.Debug|Any CPU.ActiveCfg = Debug|Any CPU
		{81DE3BBA-1C12-47FA-9998-822A61B8C14B}.Debug|Any CPU.Build.0 = Debug|Any CPU
		{81DE3BBA-1C12-47FA-9998-822A61B8C14B}.Release|Any CPU.ActiveCfg = Release|Any CPU
		{81DE3BBA-1C12-47FA-9998-822A61B8C14B}.Release|Any CPU.Build.0 = Release|Any CPU
	EndGlobalSection
	GlobalSection(SolutionProperties) = preSolution
		HideSolutionNode = FALSE
	EndGlobalSection
	GlobalSection(ExtensibilityGlobals) = postSolution
		SolutionGuid = {E1995223-E3E6-4EBA-8997-D0033773B9F2}
	EndGlobalSection
EndGlobal
