
Microsoft Visual Studio Solution File, Format Version 12.00
# Visual Studio Version 17
VisualStudioVersion = 17.4.33213.308
MinimumVisualStudioVersion = 10.0.40219.1
Project("{FAE04EC0-301F-11D3-BF4B-00C04F79EFBC}") = "Button", "Button\Button.csproj", "{CCADE87C-CA7E-4825-9F8E-D2AF76ED4678}"
EndProject
Project("{FAE04EC0-301F-11D3-BF4B-00C04F79EFBC}") = "Form", "Form\Form.csproj", "{15D275EC-558A-4AF2-9BF8-D8E00670D2A7}"
EndProject
Project("{FAE04EC0-301F-11D3-BF4B-00C04F79EFBC}") = "Calc", "Calc\Calc.csproj", "{B6128AEA-7028-41AC-BC2B-194888B0A73F}"
EndProject
Global
	GlobalSection(SolutionConfigurationPlatforms) = preSolution
		Debug|Any CPU = Debug|Any CPU
		Release|Any CPU = Release|Any CPU
	EndGlobalSection
	GlobalSection(ProjectConfigurationPlatforms) = postSolution
		{CCADE87C-CA7E-4825-9F8E-D2AF76ED4678}.Debug|Any CPU.ActiveCfg = Debug|Any CPU
		{CCADE87C-CA7E-4825-9F8E-D2AF76ED4678}.Debug|Any CPU.Build.0 = Debug|Any CPU
		{CCADE87C-CA7E-4825-9F8E-D2AF76ED4678}.Release|Any CPU.ActiveCfg = Release|Any CPU
		{CCADE87C-CA7E-4825-9F8E-D2AF76ED4678}.Release|Any CPU.Build.0 = Release|Any CPU
		{15D275EC-558A-4AF2-9BF8-D8E00670D2A7}.Debug|Any CPU.ActiveCfg = Debug|Any CPU
		{15D275EC-558A-4AF2-9BF8-D8E00670D2A7}.Debug|Any CPU.Build.0 = Debug|Any CPU
		{15D275EC-558A-4AF2-9BF8-D8E00670D2A7}.Release|Any CPU.ActiveCfg = Release|Any CPU
		{15D275EC-558A-4AF2-9BF8-D8E00670D2A7}.Release|Any CPU.Build.0 = Release|Any CPU
		{B6128AEA-7028-41AC-BC2B-194888B0A73F}.Debug|Any CPU.ActiveCfg = Debug|Any CPU
		{B6128AEA-7028-41AC-BC2B-194888B0A73F}.Debug|Any CPU.Build.0 = Debug|Any CPU
		{B6128AEA-7028-41AC-BC2B-194888B0A73F}.Release|Any CPU.ActiveCfg = Release|Any CPU
		{B6128AEA-7028-41AC-BC2B-194888B0A73F}.Release|Any CPU.Build.0 = Release|Any CPU
	EndGlobalSection
	GlobalSection(SolutionProperties) = preSolution
		HideSolutionNode = FALSE
	EndGlobalSection
	GlobalSection(ExtensibilityGlobals) = postSolution
		SolutionGuid = {16133BB3-3291-41E8-A15F-D2ACEA38D115}
	EndGlobalSection
EndGlobal
